
Microsoft Visual Studio Solution File, Format Version 11.00
# Visual Studio 2010
Project("{8BC9CEB8-8B4A-11D0-8D11-00A0C91BC942}") = "Plantilla POO", "Plantilla POO\Plantilla POO.vcxproj", "{59CDBC74-E6F4-493C-8132-E09ECA091355}"
EndProject
Global
	GlobalSection(SolutionConfigurationPlatforms) = preSolution
		Debug|Win32 = Debug|Win32
		Release|Win32 = Release|Win32
	EndGlobalSection
	GlobalSection(ProjectConfigurationPlatforms) = postSolution
		{59CDBC74-E6F4-493C-8132-E09ECA091355}.Debug|Win32.ActiveCfg = Debug|Win32
		{59CDBC74-E6F4-493C-8132-E09ECA091355}.Debug|Win32.Build.0 = Debug|Win32
		{59CDBC74-E6F4-493C-8132-E09ECA091355}.Release|Win32.ActiveCfg = Release|Win32
		{59CDBC74-E6F4-493C-8132-E09ECA091355}.Release|Win32.Build.0 = Release|Win32
	EndGlobalSection
	GlobalSection(SolutionProperties) = preSolution
		HideSolutionNode = FALSE
	EndGlobalSection
EndGlobal
